
Microsoft Visual Studio Solution File, Format Version 12.00
# Visual Studio Version 16
VisualStudioVersion = 16.0.33214.272
MinimumVisualStudioVersion = 10.0.40219.1
Project("{FAE04EC0-301F-11D3-BF4B-00C04F79EFBC}") = "KRZ", "KRZ\KRZ.csproj", "{5F17DA1B-8BAC-4E82-8264-8C797D9E339E}"
EndProject
Global
	GlobalSection(SolutionConfigurationPlatforms) = preSolution
		Debug|Any CPU = Debug|Any CPU
		Release|Any CPU = Release|Any CPU
	EndGlobalSection
	GlobalSection(ProjectConfigurationPlatforms) = postSolution
		{5F17DA1B-8BAC-4E82-8264-8C797D9E339E}.Debug|Any CPU.ActiveCfg = Debug|Any CPU
		{5F17DA1B-8BAC-4E82-8264-8C797D9E339E}.Debug|Any CPU.Build.0 = Debug|Any CPU
		{5F17DA1B-8BAC-4E82-8264-8C797D9E339E}.Release|Any CPU.ActiveCfg = Release|Any CPU
		{5F17DA1B-8BAC-4E82-8264-8C797D9E339E}.Release|Any CPU.Build.0 = Release|Any CPU
	EndGlobalSection
	GlobalSection(SolutionProperties) = preSolution
		HideSolutionNode = FALSE
	EndGlobalSection
	GlobalSection(ExtensibilityGlobals) = postSolution
		SolutionGuid = {4012CFB7-2DB4-4CBC-A61B-1F4F232C9252}
	EndGlobalSection
EndGlobal
